// !$*UTF8*$!
{
	archiveVersion = 1;
	classes = {
	};
	objectVersion = 46;
	objects = {

/* Begin PBXBuildFile section */
		9CBBFC401E36932600A2AAB5 /* C++Runner.cpp in Sources */ = {isa = PBXBuildFile; fileRef = 9CBBFC3E1E36932600A2AAB5 /* C++Runner.cpp */; };
		9CBBFC431E36934900A2AAB5 /* C++Controller.cpp in Sources */ = {isa = PBXBuildFile; fileRef = 9CBBFC411E36934900A2AAB5 /* C++Controller.cpp */; };
/* End PBXBuildFile section */

/* Begin PBXCopyFilesBuildPhase section */
		9CBBFC321E368F9C00A2AAB5 /* CopyFiles */ = {
			isa = PBXCopyFilesBuildPhase;
			buildActionMask = 2147483647;
			dstPath = /usr/share/man/man1/;
			dstSubfolderSpec = 0;
			files = (
			);
			runOnlyForDeploymentPostprocessing = 1;
		};
/* End PBXCopyFilesBuildPhase section */

/* Begin PBXFileReference section */
		9CBBFC341E368F9D00A2AAB5 /* FirstCPlusPlusPorject */ = {isa = PBXFileReference; explicitFileType = "compiled.mach-o.executable"; includeInIndex = 0; path = FirstCPlusPlusPorject; sourceTree = BUILT_PRODUCTS_DIR; };
		9CBBFC3E1E36932600A2AAB5 /* C++Runner.cpp */ = {isa = PBXFileReference; fileEncoding = 4; lastKnownFileType = sourcecode.cpp.cpp; path = "C++Runner.cpp"; sourceTree = "<group>"; };
		9CBBFC411E36934900A2AAB5 /* C++Controller.cpp */ = {isa = PBXFileReference; fileEncoding = 4; lastKnownFileType = sourcecode.cpp.cpp; path = "C++Controller.cpp"; sourceTree = "<group>"; };
		9CBBFC451E36988700A2AAB5 /* FirstController.h */ = {isa = PBXFileReference; lastKnownFileType = sourcecode.c.h; path = FirstController.h; sourceTree = "<group>"; };
/* End PBXFileReference section */

/* Begin PBXFrameworksBuildPhase section */
		9CBBFC311E368F9C00A2AAB5 /* Frameworks */ = {
			isa = PBXFrameworksBuildPhase;
			buildActionMask = 2147483647;
			files = (
			);
			runOnlyForDeploymentPostprocessing = 0;
		};
/* End PBXFrameworksBuildPhase section */

/* Begin PBXGroup section */
		9CBBFC2B1E368F9C00A2AAB5 = {
			isa = PBXGroup;
			children = (
				9CBBFC361E368F9D00A2AAB5 /* FirstCPlusPlusPorject */,
				9CBBFC351E368F9D00A2AAB5 /* Products */,
			);
			sourceTree = "<group>";
		};
		9CBBFC351E368F9D00A2AAB5 /* Products */ = {
			isa = PBXGroup;
			children = (
				9CBBFC341E368F9D00A2AAB5 /* FirstCPlusPlusPorject */,
			);
			name = Products;
			sourceTree = "<group>";
		};
		9CBBFC361E368F9D00A2AAB5 /* FirstCPlusPlusPorject */ = {
			isa = PBXGroup;
			children = (
				9CBBFC441E36936500A2AAB5 /* Controller */,
			);
			path = FirstCPlusPlusPorject;
			sourceTree = "<group>";
		};
		9CBBFC441E36936500A2AAB5 /* Controller */ = {
			isa = PBXGroup;
			children = (
				9CBBFC411E36934900A2AAB5 /* C++Controller.cpp */,
				9CBBFC3E1E36932600A2AAB5 /* C++Runner.cpp */,
				9CBBFC451E36988700A2AAB5 /* FirstController.h */,
			);
			name = Controller;
			sourceTree = "<group>";
		};
/* End PBXGroup section */

/* Begin PBXNativeTarget section */
		9CBBFC331E368F9C00A2AAB5 /* FirstCPlusPlusPorject */ = {
			isa = PBXNativeTarget;
			buildConfigurationList = 9CBBFC3B1E368F9D00A2AAB5 /* Build configuration list for PBXNativeTarget "FirstCPlusPlusPorject" */;
			buildPhases = (
				9CBBFC301E368F9C00A2AAB5 /* Sources */,
				9CBBFC311E368F9C00A2AAB5 /* Frameworks */,
				9CBBFC321E368F9C00A2AAB5 /* CopyFiles */,
			);
			buildRules = (
			);
			dependencies = (
			);
			name = FirstCPlusPlusPorject;
			productName = FirstCPlusPlusPorject;
			productReference = 9CBBFC341E368F9D00A2AAB5 /* FirstCPlusPlusPorject */;
			productType = "com.apple.product-type.tool";
		};
/* End PBXNativeTarget section */

/* Begin PBXProject section */
		9CBBFC2C1E368F9C00A2AAB5 /* Project object */ = {
			isa = PBXProject;
			attributes = {
				LastUpgradeCheck = 0810;
				ORGANIZATIONNAME = "Nguyen, Duncan";
				TargetAttributes = {
					9CBBFC331E368F9C00A2AAB5 = {
						CreatedOnToolsVersion = 8.1;
						ProvisioningStyle = Automatic;
					};
				};
			};
			buildConfigurationList = 9CBBFC2F1E368F9C00A2AAB5 /* Build configuration list for PBXProject "FirstCPlusPlusPorject" */;
			compatibilityVersion = "Xcode 3.2";
			developmentRegion = English;
			hasScannedForEncodings = 0;
			knownRegions = (
				en,
			);
			mainGroup = 9CBBFC2B1E368F9C00A2AAB5;
			productRefGroup = 9CBBFC351E368F9D00A2AAB5 /* Products */;
			projectDirPath = "";
			projectRoot = "";
			targets = (
				9CBBFC331E368F9C00A2AAB5 /* FirstCPlusPlusPorject */,
			);
		};
/* End PBXProject section */

/* Begin PBXSourcesBuildPhase section */
		9CBBFC301E368F9C00A2AAB5 /* Sources */ = {
			isa = PBXSourcesBuildPhase;
			buildActionMask = 2147483647;
			files = (
				9CBBFC401E36932600A2AAB5 /* C++Runner.cpp in Sources */,
				9CBBFC431E36934900A2AAB5 /* C++Controller.cpp in Sources */,
			);
			runOnlyForDeploymentPostprocessing = 0;
		};
/* End PBXSourcesBuildPhase section */

/* Begin XCBuildConfiguration section */
		9CBBFC391E368F9D00A2AAB5 /* Debug */ = {
			isa = XCBuildConfiguration;
			buildSettings = {
				ALWAYS_SEARCH_USER_PATHS = NO;
				CLANG_ANALYZER_NONNULL = YES;
				CLANG_CXX_LANGUAGE_STANDARD = "gnu++0x";
				CLANG_CXX_LIBRARY = "libc++";
				CLANG_ENABLE_MODULES = YES;
				CLANG_ENABLE_OBJC_ARC = YES;
				CLANG_WARN_BOOL_CONVERSION = YES;
				CLANG_WARN_CONSTANT_CONVERSION = YES;
				CLANG_WARN_DIRECT_OBJC_ISA_USAGE = YES_ERROR;
				CLANG_WARN_DOCUMENTATION_COMMENTS = YES;
				CLANG_WARN_EMPTY_BODY = YES;
				CLANG_WARN_ENUM_CONVERSION = YES;
				CLANG_WARN_INFINITE_RECURSION = YES;
				CLANG_WARN_INT_CONVERSION = YES;
				CLANG_WARN_OBJC_ROOT_CLASS = YES_ERROR;
				CLANG_WARN_SUSPICIOUS_MOVES = YES;
				CLANG_WARN_UNREACHABLE_CODE = YES;
				CLANG_WARN__DUPLICATE_METHOD_MATCH = YES;
				CODE_SIGN_IDENTITY = "-";
				COPY_PHASE_STRIP = NO;
				DEBUG_INFORMATION_FORMAT = dwarf;
				ENABLE_STRICT_OBJC_MSGSEND = YES;
				ENABLE_TESTABILITY = YES;
				GCC_C_LANGUAGE_STANDARD = gnu99;
				GCC_DYNAMIC_NO_PIC = NO;
				GCC_NO_COMMON_BLOCKS = YES;
				GCC_OPTIMIZATION_LEVEL = 0;
				GCC_PREPROCESSOR_DEFINITIONS = (
					"DEBUG=1",
					"$(inherited)",
				);
				GCC_WARN_64_TO_32_BIT_CONVERSION = YES;
				GCC_WARN_ABOUT_RETURN_TYPE = YES_ERROR;
				GCC_WARN_UNDECLARED_SELECTOR = YES;
				GCC_WARN_UNINITIALIZED_AUTOS = YES_AGGRESSIVE;
				GCC_WARN_UNUSED_FUNCTION = YES;
				GCC_WARN_UNUSED_VARIABLE = YES;
				MACOSX_DEPLOYMENT_TARGET = 10.11;
				MTL_ENABLE_DEBUG_INFO = YES;
				ONLY_ACTIVE_ARCH = YES;
				SDKROOT = macosx;
			};
			name = Debug;
		};
		9CBBFC3A1E368F9D00A2AAB5 /* Release */ = {
			isa = XCBuildConfiguration;
			buildSettings = {
				ALWAYS_SEARCH_USER_PATHS = NO;
				CLANG_ANALYZER_NONNULL = YES;
				CLANG_CXX_LANGUAGE_STANDARD = "gnu++0x";
				CLANG_CXX_LIBRARY = "libc++";
				CLANG_ENABLE_MODULES = YES;
				CLANG_ENABLE_OBJC_ARC = YES;
				CLANG_WARN_BOOL_CONVERSION = YES;
				CLANG_WARN_CONSTANT_CONVERSION = YES;
				CLANG_WARN_DIRECT_OBJC_ISA_USAGE = YES_ERROR;
				CLANG_WARN_DOCUMENTATION_COMMENTS = YES;
				CLANG_WARN_EMPTY_BODY = YES;
				CLANG_WARN_ENUM_CONVERSION = YES;
				CLANG_WARN_INFINITE_RECURSION = YES;
				CLANG_WARN_INT_CONVERSION = YES;
				CLANG_WARN_OBJC_ROOT_CLASS = YES_ERROR;
				CLANG_WARN_SUSPICIOUS_MOVES = YES;
				CLANG_WARN_UNREACHABLE_CODE = YES;
				CLANG_WARN__DUPLICATE_METHOD_MATCH = YES;
				CODE_SIGN_IDENTITY = "-";
				COPY_PHASE_STRIP = NO;
				DEBUG_INFORMATION_FORMAT = "dwarf-with-dsym";
				ENABLE_NS_ASSERTIONS = NO;
				ENABLE_STRICT_OBJC_MSGSEND = YES;
				GCC_C_LANGUAGE_STANDARD = gnu99;
				GCC_NO_COMMON_BLOCKS = YES;
				GCC_WARN_64_TO_32_BIT_CONVERSION = YES;
				GCC_WARN_ABOUT_RETURN_TYPE = YES_ERROR;
				GCC_WARN_UNDECLARED_SELECTOR = YES;
				GCC_WARN_UNINITIALIZED_AUTOS = YES_AGGRESSIVE;
				GCC_WARN_UNUSED_FUNCTION = YES;
				GCC_WARN_UNUSED_VARIABLE = YES;
				MACOSX_DEPLOYMENT_TARGET = 10.11;
				MTL_ENABLE_DEBUG_INFO = NO;
				SDKROOT = macosx;
			};
			name = Release;
		};
		9CBBFC3C1E368F9D00A2AAB5 /* Debug */ = {
			isa = XCBuildConfiguration;
			buildSettings = {
				PRODUCT_NAME = "$(TARGET_NAME)";
			};
			name = Debug;
		};
		9CBBFC3D1E368F9D00A2AAB5 /* Release */ = {
			isa = XCBuildConfiguration;
			buildSettings = {
				PRODUCT_NAME = "$(TARGET_NAME)";
			};
			name = Release;
		};
/* End XCBuildConfiguration section */

/* Begin XCConfigurationList section */
		9CBBFC2F1E368F9C00A2AAB5 /* Build configuration list for PBXProject "FirstCPlusPlusPorject" */ = {
			isa = XCConfigurationList;
			buildConfigurations = (
				9CBBFC391E368F9D00A2AAB5 /* Debug */,
				9CBBFC3A1E368F9D00A2AAB5 /* Release */,
			);
			defaultConfigurationIsVisible = 0;
			defaultConfigurationName = Release;
		};
		9CBBFC3B1E368F9D00A2AAB5 /* Build configuration list for PBXNativeTarget "FirstCPlusPlusPorject" */ = {
			isa = XCConfigurationList;
			buildConfigurations = (
				9CBBFC3C1E368F9D00A2AAB5 /* Debug */,
				9CBBFC3D1E368F9D00A2AAB5 /* Release */,
			);
			defaultConfigurationIsVisible = 0;
		};
/* End XCConfigurationList section */
	};
	rootObject = 9CBBFC2C1E368F9C00A2AAB5 /* Project object */;
}
